{
  "name": "tanmer-egg",
  "lockfileVersion": 3,
  "requires": true,
  "packages": {
    "": {
      "dependencies": {
        "daisyui": "^5.5.5"
      }
    },
    "node_modules/daisyui": {
      "version": "5.5.5",
      "resolved": "https://registry.npmjs.org/daisyui/-/daisyui-5.5.5.tgz",
      "integrity": "sha512-ekvI93ZkWIJoCOtDl0D2QMxnWvTejk9V5nWBqRv+7t0xjiBXqAK5U6o6JE2RPvlIC3EqwNyUoIZSdHX9MZK3nw==",
      "license": "MIT",
      "funding": {
        "url": "https://github.com/saadeghi/daisyui?sponsor=1"
      }
    }
  }
}
